
Microsoft Visual Studio Solution File, Format Version 12.00
# Visual Studio Version 16
VisualStudioVersion = 16.0.32407.337
MinimumVisualStudioVersion = 10.0.40219.1
Project("{FAE04EC0-301F-11D3-BF4B-00C04F79EFBC}") = "Animals", "Animals.csproj", "{B67B8941-4C21-4A3F-AE77-205123F9676C}"
EndProject
Project("{2150E333-8FDC-42A3-9474-1A3956D46DE8}") = "Solution Items", "Solution Items", "{CB4DBEA8-34B8-4B9E-A57D-FEA627F7766D}"
EndProject
Global
	GlobalSection(SolutionConfigurationPlatforms) = preSolution
		Debug|Any CPU = Debug|Any CPU
		Release|Any CPU = Release|Any CPU
	EndGlobalSection
	GlobalSection(ProjectConfigurationPlatforms) = postSolution
		{B67B8941-4C21-4A3F-AE77-205123F9676C}.Debug|Any CPU.ActiveCfg = Debug|Any CPU
		{B67B8941-4C21-4A3F-AE77-205123F9676C}.Debug|Any CPU.Build.0 = Debug|Any CPU
		{B67B8941-4C21-4A3F-AE77-205123F9676C}.Release|Any CPU.ActiveCfg = Release|Any CPU
		{B67B8941-4C21-4A3F-AE77-205123F9676C}.Release|Any CPU.Build.0 = Release|Any CPU
	EndGlobalSection
	GlobalSection(SolutionProperties) = preSolution
		HideSolutionNode = FALSE
	EndGlobalSection
	GlobalSection(ExtensibilityGlobals) = postSolution
		SolutionGuid = {446C4DAA-78F8-4E57-AE39-7BE0EE5D653A}
	EndGlobalSection
EndGlobal
